{
  "name": "easy-code-example",
  "version": "1.0.0",
  "lockfileVersion": 2,
  "requires": true,
  "packages": {
    "": {
      "name": "easy-code-example",
      "version": "1.0.0",
      "license": "ISC",
      "dependencies": {
        "ecode": "file:../"
      }
    },
    "..": {
      "name": "@kooofly/easy-code",
      "version": "1.0.2",
      "license": "ISC",
      "dependencies": {
        "colors": "^1.4.0",
        "commander": "^9.4.0",
        "directory-tree": "^3.3.0",
        "ejs": "^3.1.8",
        "fast-glob": "^3.2.11",
        "fs-extra": "^10.1.0",
        "prettier": "^2.7.1",
        "watch": "^1.0.2"
      },
      "bin": {
        "ecode": "bin/ecode.mjs"
      },
      "engines": {
        "node": ">= 16"
      }
    },
    "node_modules/ecode": {
      "resolved": "..",
      "link": true
    }
  },
  "dependencies": {
    "ecode": {
      "version": "file:..",
      "requires": {
        "colors": "^1.4.0",
        "commander": "^9.4.0",
        "directory-tree": "^3.3.0",
        "ejs": "^3.1.8",
        "fast-glob": "^3.2.11",
        "fs-extra": "^10.1.0",
        "prettier": "^2.7.1",
        "watch": "^1.0.2"
      }
    }
  }
}
