{
  "name": "hello-example",
  "lockfileVersion": 2,
  "requires": true,
  "packages": {
    "": {
      "dependencies": {
        "ecode": "file:../../"
      }
    },
    "../..": {
      "name": "@kooofly/easy-code",
      "version": "2.0.0",
      "license": "ISC",
      "dependencies": {
        "chokidar": "^3.5.3",
        "colors": "^1.4.0",
        "commander": "^9.4.0",
        "directory-tree": "^3.3.0",
        "ejs": "^3.1.8",
        "fast-glob": "^3.2.11",
        "fs-extra": "^10.1.0",
        "koa-compose": "^4.1.0",
        "prettier": "^2.7.1",
        "query-string": "^7.1.1",
        "watch": "^1.0.2"
      },
      "bin": {
        "ecode": "bin/ecode.mjs"
      },
      "engines": {
        "node": ">= 16"
      }
    },
    "node_modules/ecode": {
      "resolved": "../..",
      "link": true
    }
  },
  "dependencies": {
    "ecode": {
      "version": "file:../..",
      "requires": {
        "chokidar": "^3.5.3",
        "colors": "^1.4.0",
        "commander": "^9.4.0",
        "directory-tree": "^3.3.0",
        "ejs": "^3.1.8",
        "fast-glob": "^3.2.11",
        "fs-extra": "^10.1.0",
        "koa-compose": "^4.1.0",
        "prettier": "^2.7.1",
        "query-string": "^7.1.1",
        "watch": "^1.0.2"
      }
    }
  }
}
